
Microsoft Visual Studio Solution File, Format Version 12.00
# Visual Studio 2013
VisualStudioVersion = 12.0.21005.1
MinimumVisualStudioVersion = 10.0.40219.1
Project("{FAE04EC0-301F-11D3-BF4B-00C04F79EFBC}") = "PestControl.Web", "ASPNetMVCExtendingIdentity2Roles\PestControl.Web.csproj", "{9509716B-AA4F-4128-ABFF-7122301DF29C}"
EndProject
Project("{FAE04EC0-301F-11D3-BF4B-00C04F79EFBC}") = "PestControl.Dao", "PestControl.Dao\PestControl.Dao.csproj", "{F4109B35-F716-44B4-A34B-CB465433172B}"
EndProject
Project("{FAE04EC0-301F-11D3-BF4B-00C04F79EFBC}") = "PestControl.Services", "PestControl.Services\PestControl.Services.csproj", "{0A8CF8BC-D7D2-41FB-A0AF-3243C96DE205}"
EndProject
Project("{FAE04EC0-301F-11D3-BF4B-00C04F79EFBC}") = "PestControl.Model", "PestControl.Model\PestControl.Model.csproj", "{98F53C1C-7067-4B1E-B178-E4DEC9DF93B8}"
EndProject
Global
	GlobalSection(SolutionConfigurationPlatforms) = preSolution
		Debug|Any CPU = Debug|Any CPU
		Release|Any CPU = Release|Any CPU
	EndGlobalSection
	GlobalSection(ProjectConfigurationPlatforms) = postSolution
		{9509716B-AA4F-4128-ABFF-7122301DF29C}.Debug|Any CPU.ActiveCfg = Debug|Any CPU
		{9509716B-AA4F-4128-ABFF-7122301DF29C}.Debug|Any CPU.Build.0 = Debug|Any CPU
		{9509716B-AA4F-4128-ABFF-7122301DF29C}.Release|Any CPU.ActiveCfg = Release|Any CPU
		{9509716B-AA4F-4128-ABFF-7122301DF29C}.Release|Any CPU.Build.0 = Release|Any CPU
		{F4109B35-F716-44B4-A34B-CB465433172B}.Debug|Any CPU.ActiveCfg = Debug|Any CPU
		{F4109B35-F716-44B4-A34B-CB465433172B}.Debug|Any CPU.Build.0 = Debug|Any CPU
		{F4109B35-F716-44B4-A34B-CB465433172B}.Release|Any CPU.ActiveCfg = Release|Any CPU
		{F4109B35-F716-44B4-A34B-CB465433172B}.Release|Any CPU.Build.0 = Release|Any CPU
		{0A8CF8BC-D7D2-41FB-A0AF-3243C96DE205}.Debug|Any CPU.ActiveCfg = Debug|Any CPU
		{0A8CF8BC-D7D2-41FB-A0AF-3243C96DE205}.Debug|Any CPU.Build.0 = Debug|Any CPU
		{0A8CF8BC-D7D2-41FB-A0AF-3243C96DE205}.Release|Any CPU.ActiveCfg = Release|Any CPU
		{0A8CF8BC-D7D2-41FB-A0AF-3243C96DE205}.Release|Any CPU.Build.0 = Release|Any CPU
		{98F53C1C-7067-4B1E-B178-E4DEC9DF93B8}.Debug|Any CPU.ActiveCfg = Debug|Any CPU
		{98F53C1C-7067-4B1E-B178-E4DEC9DF93B8}.Debug|Any CPU.Build.0 = Debug|Any CPU
		{98F53C1C-7067-4B1E-B178-E4DEC9DF93B8}.Release|Any CPU.ActiveCfg = Release|Any CPU
		{98F53C1C-7067-4B1E-B178-E4DEC9DF93B8}.Release|Any CPU.Build.0 = Release|Any CPU
	EndGlobalSection
	GlobalSection(SolutionProperties) = preSolution
		HideSolutionNode = FALSE
	EndGlobalSection
EndGlobal
